
Microsoft Visual Studio Solution File, Format Version 12.00
# Visual Studio 15
VisualStudioVersion = 15.0.27703.2000
MinimumVisualStudioVersion = 10.0.40219.1
Project("{9A19103F-16F7-4668-BE54-9A1E7A4F7556}") = "Budget.dal.sqlserver", "Budget.dal.sqlserver\Budget.dal.sqlserver.csproj", "{B5D83DA7-63F3-40C7-B209-9835237CA8A2}"
EndProject
Project("{9A19103F-16F7-4668-BE54-9A1E7A4F7556}") = "Budget.service", "Budget.service\Budget.service.csproj", "{53175AD4-BB2D-4C99-BEC6-23C70C10ECC9}"
EndProject
Project("{9A19103F-16F7-4668-BE54-9A1E7A4F7556}") = "Budget.service.i", "Budget.service.i\Budget.service.i.csproj", "{D0C7CA25-851E-4F0F-9F08-FCBD86EB68B2}"
EndProject
Project("{9A19103F-16F7-4668-BE54-9A1E7A4F7556}") = "Budget.dto", "Budget.dto\Budget.dto.csproj", "{0BF5B242-F135-4B8F-A221-035FE50A9435}"
EndProject
Project("{9A19103F-16F7-4668-BE54-9A1E7A4F7556}") = "Budget.dal.i", "Budget.dal.i\Budget.dal.i.csproj", "{D0DEC553-68BD-4469-A919-B8CFEDA6BC01}"
EndProject
Project("{9A19103F-16F7-4668-BE54-9A1E7A4F7556}") = "Budget.model", "Budget.model\Budget.model.csproj", "{D7AD9180-44BA-45BA-A4C2-7289303314DD}"
EndProject
Project("{9A19103F-16F7-4668-BE54-9A1E7A4F7556}") = "Budget", "Budget\Budget.csproj", "{C0D35A07-74FE-4907-9717-681FB6A0552E}"
EndProject
Project("{FAE04EC0-301F-11D3-BF4B-00C04F79EFBC}") = "Budget.Api", "Budget.Api\Budget.Api.csproj", "{97209B29-B6A1-4DB8-BE55-66FCE242AC72}"
EndProject
Global
	GlobalSection(SolutionConfigurationPlatforms) = preSolution
		Debug|Any CPU = Debug|Any CPU
		Release|Any CPU = Release|Any CPU
	EndGlobalSection
	GlobalSection(ProjectConfigurationPlatforms) = postSolution
		{B5D83DA7-63F3-40C7-B209-9835237CA8A2}.Debug|Any CPU.ActiveCfg = Debug|Any CPU
		{B5D83DA7-63F3-40C7-B209-9835237CA8A2}.Debug|Any CPU.Build.0 = Debug|Any CPU
		{B5D83DA7-63F3-40C7-B209-9835237CA8A2}.Release|Any CPU.ActiveCfg = Release|Any CPU
		{B5D83DA7-63F3-40C7-B209-9835237CA8A2}.Release|Any CPU.Build.0 = Release|Any CPU
		{53175AD4-BB2D-4C99-BEC6-23C70C10ECC9}.Debug|Any CPU.ActiveCfg = Debug|Any CPU
		{53175AD4-BB2D-4C99-BEC6-23C70C10ECC9}.Debug|Any CPU.Build.0 = Debug|Any CPU
		{53175AD4-BB2D-4C99-BEC6-23C70C10ECC9}.Release|Any CPU.ActiveCfg = Release|Any CPU
		{53175AD4-BB2D-4C99-BEC6-23C70C10ECC9}.Release|Any CPU.Build.0 = Release|Any CPU
		{D0C7CA25-851E-4F0F-9F08-FCBD86EB68B2}.Debug|Any CPU.ActiveCfg = Debug|Any CPU
		{D0C7CA25-851E-4F0F-9F08-FCBD86EB68B2}.Debug|Any CPU.Build.0 = Debug|Any CPU
		{D0C7CA25-851E-4F0F-9F08-FCBD86EB68B2}.Release|Any CPU.ActiveCfg = Release|Any CPU
		{D0C7CA25-851E-4F0F-9F08-FCBD86EB68B2}.Release|Any CPU.Build.0 = Release|Any CPU
		{0BF5B242-F135-4B8F-A221-035FE50A9435}.Debug|Any CPU.ActiveCfg = Debug|Any CPU
		{0BF5B242-F135-4B8F-A221-035FE50A9435}.Debug|Any CPU.Build.0 = Debug|Any CPU
		{0BF5B242-F135-4B8F-A221-035FE50A9435}.Release|Any CPU.ActiveCfg = Release|Any CPU
		{0BF5B242-F135-4B8F-A221-035FE50A9435}.Release|Any CPU.Build.0 = Release|Any CPU
		{D0DEC553-68BD-4469-A919-B8CFEDA6BC01}.Debug|Any CPU.ActiveCfg = Debug|Any CPU
		{D0DEC553-68BD-4469-A919-B8CFEDA6BC01}.Debug|Any CPU.Build.0 = Debug|Any CPU
		{D0DEC553-68BD-4469-A919-B8CFEDA6BC01}.Release|Any CPU.ActiveCfg = Release|Any CPU
		{D0DEC553-68BD-4469-A919-B8CFEDA6BC01}.Release|Any CPU.Build.0 = Release|Any CPU
		{D7AD9180-44BA-45BA-A4C2-7289303314DD}.Debug|Any CPU.ActiveCfg = Debug|Any CPU
		{D7AD9180-44BA-45BA-A4C2-7289303314DD}.Debug|Any CPU.Build.0 = Debug|Any CPU
		{D7AD9180-44BA-45BA-A4C2-7289303314DD}.Release|Any CPU.ActiveCfg = Release|Any CPU
		{D7AD9180-44BA-45BA-A4C2-7289303314DD}.Release|Any CPU.Build.0 = Release|Any CPU
		{C0D35A07-74FE-4907-9717-681FB6A0552E}.Debug|Any CPU.ActiveCfg = Debug|Any CPU
		{C0D35A07-74FE-4907-9717-681FB6A0552E}.Debug|Any CPU.Build.0 = Debug|Any CPU
		{C0D35A07-74FE-4907-9717-681FB6A0552E}.Release|Any CPU.ActiveCfg = Release|Any CPU
		{C0D35A07-74FE-4907-9717-681FB6A0552E}.Release|Any CPU.Build.0 = Release|Any CPU
		{97209B29-B6A1-4DB8-BE55-66FCE242AC72}.Debug|Any CPU.ActiveCfg = Debug|Any CPU
		{97209B29-B6A1-4DB8-BE55-66FCE242AC72}.Debug|Any CPU.Build.0 = Debug|Any CPU
		{97209B29-B6A1-4DB8-BE55-66FCE242AC72}.Release|Any CPU.ActiveCfg = Release|Any CPU
		{97209B29-B6A1-4DB8-BE55-66FCE242AC72}.Release|Any CPU.Build.0 = Release|Any CPU
	EndGlobalSection
	GlobalSection(SolutionProperties) = preSolution
		HideSolutionNode = FALSE
	EndGlobalSection
	GlobalSection(ExtensibilityGlobals) = postSolution
		SolutionGuid = {FC500465-9A18-430E-98D5-315C877F1E96}
	EndGlobalSection
EndGlobal
